
Microsoft Visual Studio Solution File, Format Version 12.00
# Visual Studio 14
VisualStudioVersion = 14.0.25420.1
MinimumVisualStudioVersion = 10.0.40219.1
Project("{FAE04EC0-301F-11D3-BF4B-00C04F79EFBC}") = "Rabbit.MQTools", "MQTools\Rabbit.MQTools.csproj", "{910F20E2-BE23-437E-82D1-1DAE987C36AE}"
EndProject
Project("{2150E333-8FDC-42A3-9474-1A3956D46DE8}") = "RabbitMQ", "RabbitMQ", "{7B8267D4-13DB-4F53-AA3E-2D951F702657}"
EndProject
Project("{2150E333-8FDC-42A3-9474-1A3956D46DE8}") = "SqlLite", "SqlLite", "{B540445E-FBBB-4AB5-8EB2-E7512318AB31}"
EndProject
Project("{FAE04EC0-301F-11D3-BF4B-00C04F79EFBC}") = "DB.SqlLiteHelper", "DB.SqlLiteHelper\DB.SqlLiteHelper.csproj", "{45F50EE6-D14A-413C-B5C1-63ADD5BBF049}"
EndProject
Global
	GlobalSection(SolutionConfigurationPlatforms) = preSolution
		Debug|Any CPU = Debug|Any CPU
		Release|Any CPU = Release|Any CPU
	EndGlobalSection
	GlobalSection(ProjectConfigurationPlatforms) = postSolution
		{910F20E2-BE23-437E-82D1-1DAE987C36AE}.Debug|Any CPU.ActiveCfg = Debug|Any CPU
		{910F20E2-BE23-437E-82D1-1DAE987C36AE}.Debug|Any CPU.Build.0 = Debug|Any CPU
		{910F20E2-BE23-437E-82D1-1DAE987C36AE}.Release|Any CPU.ActiveCfg = Release|Any CPU
		{910F20E2-BE23-437E-82D1-1DAE987C36AE}.Release|Any CPU.Build.0 = Release|Any CPU
		{45F50EE6-D14A-413C-B5C1-63ADD5BBF049}.Debug|Any CPU.ActiveCfg = Debug|Any CPU
		{45F50EE6-D14A-413C-B5C1-63ADD5BBF049}.Debug|Any CPU.Build.0 = Debug|Any CPU
		{45F50EE6-D14A-413C-B5C1-63ADD5BBF049}.Release|Any CPU.ActiveCfg = Release|Any CPU
		{45F50EE6-D14A-413C-B5C1-63ADD5BBF049}.Release|Any CPU.Build.0 = Release|Any CPU
	EndGlobalSection
	GlobalSection(SolutionProperties) = preSolution
		HideSolutionNode = FALSE
	EndGlobalSection
	GlobalSection(NestedProjects) = preSolution
		{910F20E2-BE23-437E-82D1-1DAE987C36AE} = {7B8267D4-13DB-4F53-AA3E-2D951F702657}
		{45F50EE6-D14A-413C-B5C1-63ADD5BBF049} = {B540445E-FBBB-4AB5-8EB2-E7512318AB31}
	EndGlobalSection
EndGlobal
